github.com/escolarugbyporto/gohugo-theme-ananke v2.6.7+incompatible h1:j76fAHZdXa0FLfswQRUimPGRf7yYOW2B4S3UXp2XG4w=
github.com/escolarugbyporto/gohugo-theme-ananke v2.6.7+incompatible/go.mod h1:coIO8fPVx+bTsNAOOFYqQjUMbE/q/QRQbrAWYl3D6Uc=
github.com/theNewDynamic/gohugo-theme-ananke v2.6.7+incompatible h1:7c+NVmojLSbkk3F0GjCvEgWRI8oZh++vtR9VbNZJuMY=
github.com/theNewDynamic/gohugo-theme-ananke v2.6.7+incompatible/go.mod h1:RlzLLao82tupbQFWEZtV9ibVqr9+2WYw31sCghz3n3Y=
